Microsoft Visual Studio Solution File, Format Version 12.00
# Visual Studio Version 17
VisualStudioVersion = 17.5.2.0
MinimumVisualStudioVersion = 10.0.40219.1
Project("{FAE04EC0-301F-11D3-BF4B-00C04F79EFBC}") = "AcceessWithDapperBlog", "AcceessWithDapperBlog.csproj", "{E7A891D8-C7D9-0AFD-27DF-1B53068F956C}"
EndProject
Global
	GlobalSection(SolutionConfigurationPlatforms) = preSolution
		Debug|Any CPU = Debug|Any CPU
		Release|Any CPU = Release|Any CPU
	EndGlobalSection
	GlobalSection(ProjectConfigurationPlatforms) = postSolution
		{E7A891D8-C7D9-0AFD-27DF-1B53068F956C}.Debug|Any CPU.ActiveCfg = Debug|Any CPU
		{E7A891D8-C7D9-0AFD-27DF-1B53068F956C}.Debug|Any CPU.Build.0 = Debug|Any CPU
		{E7A891D8-C7D9-0AFD-27DF-1B53068F956C}.Release|Any CPU.ActiveCfg = Release|Any CPU
		{E7A891D8-C7D9-0AFD-27DF-1B53068F956C}.Release|Any CPU.Build.0 = Release|Any CPU
	EndGlobalSection
	GlobalSection(SolutionProperties) = preSolution
		HideSolutionNode = FALSE
	EndGlobalSection
	GlobalSection(ExtensibilityGlobals) = postSolution
		SolutionGuid = {3AA14E4E-6274-4CD9-903C-BC59BAAF680B}
	EndGlobalSection
EndGlobal
