
Microsoft Visual Studio Solution File, Format Version 12.00
# Visual Studio Version 17
VisualStudioVersion = 17.0.31903.59
MinimumVisualStudioVersion = 10.0.40219.1
Project("{FAE04EC0-301F-11D3-BF4B-00C04F79EFBC}") = "Dollar.Core", "Dollar.Core\Dollar.Core.csproj", "{06056194-7926-4904-9AD6-FFCC23E64F17}"
EndProject
Project("{FAE04EC0-301F-11D3-BF4B-00C04F79EFBC}") = "Dollar.Api", "Dollar.Api\Dollar.Api.csproj", "{6D323645-77C1-4FFB-A464-55E3C64F4EEE}"
EndProject
Global
	GlobalSection(SolutionConfigurationPlatforms) = preSolution
		Debug|Any CPU = Debug|Any CPU
		Release|Any CPU = Release|Any CPU
	EndGlobalSection
	GlobalSection(SolutionProperties) = preSolution
		HideSolutionNode = FALSE
	EndGlobalSection
	GlobalSection(ProjectConfigurationPlatforms) = postSolution
		{06056194-7926-4904-9AD6-FFCC23E64F17}.Debug|Any CPU.ActiveCfg = Debug|Any CPU
		{06056194-7926-4904-9AD6-FFCC23E64F17}.Debug|Any CPU.Build.0 = Debug|Any CPU
		{06056194-7926-4904-9AD6-FFCC23E64F17}.Release|Any CPU.ActiveCfg = Release|Any CPU
		{06056194-7926-4904-9AD6-FFCC23E64F17}.Release|Any CPU.Build.0 = Release|Any CPU
		{6D323645-77C1-4FFB-A464-55E3C64F4EEE}.Debug|Any CPU.ActiveCfg = Debug|Any CPU
		{6D323645-77C1-4FFB-A464-55E3C64F4EEE}.Debug|Any CPU.Build.0 = Debug|Any CPU
		{6D323645-77C1-4FFB-A464-55E3C64F4EEE}.Release|Any CPU.ActiveCfg = Release|Any CPU
		{6D323645-77C1-4FFB-A464-55E3C64F4EEE}.Release|Any CPU.Build.0 = Release|Any CPU
	EndGlobalSection
EndGlobal
