
Microsoft Visual Studio Solution File, Format Version 12.00
# Visual Studio Version 17
VisualStudioVersion = 17.0.31903.59
MinimumVisualStudioVersion = 10.0.40219.1
Project("{FAE04EC0-301F-11D3-BF4B-00C04F79EFBC}") = "Dollar.Core", "Dollar.Core\Dollar.Core.csproj", "{DB863E89-69E9-4D9D-9F5D-84555E357268}"
EndProject
Project("{FAE04EC0-301F-11D3-BF4B-00C04F79EFBC}") = "Dollar.Api", "Dollar.Api\Dollar.Api.csproj", "{84CF40D9-FB56-40D7-839A-BD3FE1F9F13A}"
EndProject
Global
	GlobalSection(SolutionConfigurationPlatforms) = preSolution
		Debug|Any CPU = Debug|Any CPU
		Release|Any CPU = Release|Any CPU
	EndGlobalSection
	GlobalSection(SolutionProperties) = preSolution
		HideSolutionNode = FALSE
	EndGlobalSection
	GlobalSection(ProjectConfigurationPlatforms) = postSolution
		{DB863E89-69E9-4D9D-9F5D-84555E357268}.Debug|Any CPU.ActiveCfg = Debug|Any CPU
		{DB863E89-69E9-4D9D-9F5D-84555E357268}.Debug|Any CPU.Build.0 = Debug|Any CPU
		{DB863E89-69E9-4D9D-9F5D-84555E357268}.Release|Any CPU.ActiveCfg = Release|Any CPU
		{DB863E89-69E9-4D9D-9F5D-84555E357268}.Release|Any CPU.Build.0 = Release|Any CPU
		{84CF40D9-FB56-40D7-839A-BD3FE1F9F13A}.Debug|Any CPU.ActiveCfg = Debug|Any CPU
		{84CF40D9-FB56-40D7-839A-BD3FE1F9F13A}.Debug|Any CPU.Build.0 = Debug|Any CPU
		{84CF40D9-FB56-40D7-839A-BD3FE1F9F13A}.Release|Any CPU.ActiveCfg = Release|Any CPU
		{84CF40D9-FB56-40D7-839A-BD3FE1F9F13A}.Release|Any CPU.Build.0 = Release|Any CPU
	EndGlobalSection
EndGlobal
